// !$*UTF8*$!
{
	archiveVersion = 1;
	classes = {
	};
	objectVersion = 55;
	objects = {

/* Begin PBXBuildFile section */
		360DBB0A2788D37700F41CBF /* AppDelegate.swift in Sources */ = {isa = PBXBuildFile; fileRef = 360DBB092788D37700F41CBF /* AppDelegate.swift */; };
		360DBB0C2788D37700F41CBF /* SceneDelegate.swift in Sources */ = {isa = PBXBuildFile; fileRef = 360DBB0B2788D37700F41CBF /* SceneDelegate.swift */; };
		360DBB112788D37700F41CBF /* Main.storyboard in Resources */ = {isa = PBXBuildFile; fileRef = 360DBB0F2788D37700F41CBF /* Main.storyboard */; };
		360DBB132788D37A00F41CBF /* Assets.xcassets in Resources */ = {isa = PBXBuildFile; fileRef = 360DBB122788D37A00F41CBF /* Assets.xcassets */; };
		360DBB162788D37B00F41CBF /* LaunchScreen.storyboard in Resources */ = {isa = PBXBuildFile; fileRef = 360DBB142788D37B00F41CBF /* LaunchScreen.storyboard */; };
		360DBB242788D64F00F41CBF /* MovieData.swift in Sources */ = {isa = PBXBuildFile; fileRef = 360DBB232788D64F00F41CBF /* MovieData.swift */; };
		360DBB272788D9C100F41CBF /* MovieController.swift in Sources */ = {isa = PBXBuildFile; fileRef = 360DBB262788D9C100F41CBF /* MovieController.swift */; };
		360DBB2A2788DAD000F41CBF /* NetworkError.swift in Sources */ = {isa = PBXBuildFile; fileRef = 360DBB292788DAD000F41CBF /* NetworkError.swift */; };
		360DBB2C2788E57000F41CBF /* MoviesTableViewController.swift in Sources */ = {isa = PBXBuildFile; fileRef = 360DBB2B2788E57000F41CBF /* MoviesTableViewController.swift */; };
		360DBB2E2788E8FE00F41CBF /* MovieTableViewCell.swift in Sources */ = {isa = PBXBuildFile; fileRef = 360DBB2D2788E8FE00F41CBF /* MovieTableViewCell.swift */; };
/* End PBXBuildFile section */

/* Begin PBXFileReference section */
		360DBB062788D37700F41CBF /* MovieSearch.app */ = {isa = PBXFileReference; explicitFileType = wrapper.application; includeInIndex = 0; path = MovieSearch.app; sourceTree = BUILT_PRODUCTS_DIR; };
		360DBB092788D37700F41CBF /* AppDelegate.swift */ = {isa = PBXFileReference; lastKnownFileType = sourcecode.swift; path = AppDelegate.swift; sourceTree = "<group>"; };
		360DBB0B2788D37700F41CBF /* SceneDelegate.swift */ = {isa = PBXFileReference; lastKnownFileType = sourcecode.swift; path = SceneDelegate.swift; sourceTree = "<group>"; };
		360DBB102788D37700F41CBF /* Base */ = {isa = PBXFileReference; lastKnownFileType = file.storyboard; name = Base; path = Base.lproj/Main.storyboard; sourceTree = "<group>"; };
		360DBB122788D37A00F41CBF /* Assets.xcassets */ = {isa = PBXFileReference; lastKnownFileType = folder.assetcatalog; path = Assets.xcassets; sourceTree = "<group>"; };
		360DBB152788D37B00F41CBF /* Base */ = {isa = PBXFileReference; lastKnownFileType = file.storyboard; name = Base; path = Base.lproj/LaunchScreen.storyboard; sourceTree = "<group>"; };
		360DBB172788D37B00F41CBF /* Info.plist */ = {isa = PBXFileReference; lastKnownFileType = text.plist.xml; path = Info.plist; sourceTree = "<group>"; };
		360DBB232788D64F00F41CBF /* MovieData.swift */ = {isa = PBXFileReference; lastKnownFileType = sourcecode.swift; path = MovieData.swift; sourceTree = "<group>"; };
		360DBB262788D9C100F41CBF /* MovieController.swift */ = {isa = PBXFileReference; lastKnownFileType = sourcecode.swift; path = MovieController.swift; sourceTree = "<group>"; };
		360DBB292788DAD000F41CBF /* NetworkError.swift */ = {isa = PBXFileReference; lastKnownFileType = sourcecode.swift; path = NetworkError.swift; sourceTree = "<group>"; };
		360DBB2B2788E57000F41CBF /* MoviesTableViewController.swift */ = {isa = PBXFileReference; lastKnownFileType = sourcecode.swift; path = MoviesTableViewController.swift; sourceTree = "<group>"; };
		360DBB2D2788E8FE00F41CBF /* MovieTableViewCell.swift */ = {isa = PBXFileReference; lastKnownFileType = sourcecode.swift; path = MovieTableViewCell.swift; sourceTree = "<group>"; };
/* End PBXFileReference section */

/* Begin PBXFrameworksBuildPhase section */
		360DBB032788D37700F41CBF /* Frameworks */ = {
			isa = PBXFrameworksBuildPhase;
			buildActionMask = 2147483647;
			files = (
			);
			runOnlyForDeploymentPostprocessing = 0;
		};
/* End PBXFrameworksBuildPhase section */

/* Begin PBXGroup section */
		360DBAFD2788D37600F41CBF = {
			isa = PBXGroup;
			children = (
				360DBB082788D37700F41CBF /* MovieSearch */,
				360DBB072788D37700F41CBF /* Products */,
			);
			sourceTree = "<group>";
		};
		360DBB072788D37700F41CBF /* Products */ = {
			isa = PBXGroup;
			children = (
				360DBB062788D37700F41CBF /* MovieSearch.app */,
			);
			name = Products;
			sourceTree = "<group>";
		};
		360DBB082788D37700F41CBF /* MovieSearch */ = {
			isa = PBXGroup;
			children = (
				360DBB222788D5F900F41CBF /* Models */,
				360DBB212788D5F100F41CBF /* Controllers */,
				360DBB1E2788D5C000F41CBF /* Views */,
				360DBB282788DA9000F41CBF /* Helpers + Extensions */,
				360DBB1D2788D5A500F41CBF /* Resources */,
			);
			path = MovieSearch;
			sourceTree = "<group>";
		};
		360DBB1D2788D5A500F41CBF /* Resources */ = {
			isa = PBXGroup;
			children = (
				360DBB092788D37700F41CBF /* AppDelegate.swift */,
				360DBB0B2788D37700F41CBF /* SceneDelegate.swift */,
				360DBB122788D37A00F41CBF /* Assets.xcassets */,
				360DBB142788D37B00F41CBF /* LaunchScreen.storyboard */,
				360DBB172788D37B00F41CBF /* Info.plist */,
			);
			path = Resources;
			sourceTree = "<group>";
		};
		360DBB1E2788D5C000F41CBF /* Views */ = {
			isa = PBXGroup;
			children = (
				360DBB302788E93000F41CBF /* Storyboards */,
				360DBB2F2788E90200F41CBF /* CustomCells */,
			);
			path = Views;
			sourceTree = "<group>";
		};
		360DBB1F2788D5DE00F41CBF /* ViewControllers */ = {
			isa = PBXGroup;
			children = (
				360DBB2B2788E57000F41CBF /* MoviesTableViewController.swift */,
			);
			path = ViewControllers;
			sourceTree = "<group>";
		};
		360DBB202788D5ED00F41CBF /* ModelControllers */ = {
			isa = PBXGroup;
			children = (
				360DBB262788D9C100F41CBF /* MovieController.swift */,
			);
			path = ModelControllers;
			sourceTree = "<group>";
		};
		360DBB212788D5F100F41CBF /* Controllers */ = {
			isa = PBXGroup;
			children = (
				360DBB1F2788D5DE00F41CBF /* ViewControllers */,
				360DBB202788D5ED00F41CBF /* ModelControllers */,
			);
			path = Controllers;
			sourceTree = "<group>";
		};
		360DBB222788D5F900F41CBF /* Models */ = {
			isa = PBXGroup;
			children = (
				360DBB232788D64F00F41CBF /* MovieData.swift */,
			);
			path = Models;
			sourceTree = "<group>";
		};
		360DBB282788DA9000F41CBF /* Helpers + Extensions */ = {
			isa = PBXGroup;
			children = (
				360DBB292788DAD000F41CBF /* NetworkError.swift */,
			);
			path = "Helpers + Extensions";
			sourceTree = "<group>";
		};
		360DBB2F2788E90200F41CBF /* CustomCells */ = {
			isa = PBXGroup;
			children = (
				360DBB2D2788E8FE00F41CBF /* MovieTableViewCell.swift */,
			);
			path = CustomCells;
			sourceTree = "<group>";
		};
		360DBB302788E93000F41CBF /* Storyboards */ = {
			isa = PBXGroup;
			children = (
				360DBB0F2788D37700F41CBF /* Main.storyboard */,
			);
			path = Storyboards;
			sourceTree = "<group>";
		};
/* End PBXGroup section */

/* Begin PBXNativeTarget section */
		360DBB052788D37700F41CBF /* MovieSearch */ = {
			isa = PBXNativeTarget;
			buildConfigurationList = 360DBB1A2788D37B00F41CBF /* Build configuration list for PBXNativeTarget "MovieSearch" */;
			buildPhases = (
				360DBB022788D37700F41CBF /* Sources */,
				360DBB032788D37700F41CBF /* Frameworks */,
				360DBB042788D37700F41CBF /* Resources */,
			);
			buildRules = (
			);
			dependencies = (
			);
			name = MovieSearch;
			productName = MovieSearch;
			productReference = 360DBB062788D37700F41CBF /* MovieSearch.app */;
			productType = "com.apple.product-type.application";
		};
/* End PBXNativeTarget section */

/* Begin PBXProject section */
		360DBAFE2788D37600F41CBF /* Project object */ = {
			isa = PBXProject;
			attributes = {
				BuildIndependentTargetsInParallel = 1;
				LastSwiftUpdateCheck = 1320;
				LastUpgradeCheck = 1320;
				TargetAttributes = {
					360DBB052788D37700F41CBF = {
						CreatedOnToolsVersion = 13.2.1;
					};
				};
			};
			buildConfigurationList = 360DBB012788D37600F41CBF /* Build configuration list for PBXProject "MovieSearch" */;
			compatibilityVersion = "Xcode 13.0";
			developmentRegion = en;
			hasScannedForEncodings = 0;
			knownRegions = (
				en,
				Base,
			);
			mainGroup = 360DBAFD2788D37600F41CBF;
			productRefGroup = 360DBB072788D37700F41CBF /* Products */;
			projectDirPath = "";
			projectRoot = "";
			targets = (
				360DBB052788D37700F41CBF /* MovieSearch */,
			);
		};
/* End PBXProject section */

/* Begin PBXResourcesBuildPhase section */
		360DBB042788D37700F41CBF /* Resources */ = {
			isa = PBXResourcesBuildPhase;
			buildActionMask = 2147483647;
			files = (
				360DBB162788D37B00F41CBF /* LaunchScreen.storyboard in Resources */,
				360DBB132788D37A00F41CBF /* Assets.xcassets in Resources */,
				360DBB112788D37700F41CBF /* Main.storyboard in Resources */,
			);
			runOnlyForDeploymentPostprocessing = 0;
		};
/* End PBXResourcesBuildPhase section */

/* Begin PBXSourcesBuildPhase section */
		360DBB022788D37700F41CBF /* Sources */ = {
			isa = PBXSourcesBuildPhase;
			buildActionMask = 2147483647;
			files = (
				360DBB2C2788E57000F41CBF /* MoviesTableViewController.swift in Sources */,
				360DBB272788D9C100F41CBF /* MovieController.swift in Sources */,
				360DBB2E2788E8FE00F41CBF /* MovieTableViewCell.swift in Sources */,
				360DBB242788D64F00F41CBF /* MovieData.swift in Sources */,
				360DBB0A2788D37700F41CBF /* AppDelegate.swift in Sources */,
				360DBB0C2788D37700F41CBF /* SceneDelegate.swift in Sources */,
				360DBB2A2788DAD000F41CBF /* NetworkError.swift in Sources */,
			);
			runOnlyForDeploymentPostprocessing = 0;
		};
/* End PBXSourcesBuildPhase section */

/* Begin PBXVariantGroup section */
		360DBB0F2788D37700F41CBF /* Main.storyboard */ = {
			isa = PBXVariantGroup;
			children = (
				360DBB102788D37700F41CBF /* Base */,
			);
			name = Main.storyboard;
			sourceTree = "<group>";
		};
		360DBB142788D37B00F41CBF /* LaunchScreen.storyboard */ = {
			isa = PBXVariantGroup;
			children = (
				360DBB152788D37B00F41CBF /* Base */,
			);
			name = LaunchScreen.storyboard;
			sourceTree = "<group>";
		};
/* End PBXVariantGroup section */

/* Begin XCBuildConfiguration section */
		360DBB182788D37B00F41CBF /* Debug */ = {
			isa = XCBuildConfiguration;
			buildSettings = {
				ALWAYS_SEARCH_USER_PATHS = NO;
				CLANG_ANALYZER_NONNULL = YES;
				CLANG_ANALYZER_NUMBER_OBJECT_CONVERSION = YES_AGGRESSIVE;
				CLANG_CXX_LANGUAGE_STANDARD = "gnu++17";
				CLANG_CXX_LIBRARY = "libc++";
				CLANG_ENABLE_MODULES = YES;
				CLANG_ENABLE_OBJC_ARC = YES;
				CLANG_ENABLE_OBJC_WEAK = YES;
				CLANG_WARN_BLOCK_CAPTURE_AUTORELEASING = YES;
				CLANG_WARN_BOOL_CONVERSION = YES;
				CLANG_WARN_COMMA = YES;
				CLANG_WARN_CONSTANT_CONVERSION = YES;
				CLANG_WARN_DEPRECATED_OBJC_IMPLEMENTATIONS = YES;
				CLANG_WARN_DIRECT_OBJC_ISA_USAGE = YES_ERROR;
				CLANG_WARN_DOCUMENTATION_COMMENTS = YES;
				CLANG_WARN_EMPTY_BODY = YES;
				CLANG_WARN_ENUM_CONVERSION = YES;
				CLANG_WARN_INFINITE_RECURSION = YES;
				CLANG_WARN_INT_CONVERSION = YES;
				CLANG_WARN_NON_LITERAL_NULL_CONVERSION = YES;
				CLANG_WARN_OBJC_IMPLICIT_RETAIN_SELF = YES;
				CLANG_WARN_OBJC_LITERAL_CONVERSION = YES;
				CLANG_WARN_OBJC_ROOT_CLASS = YES_ERROR;
				CLANG_WARN_QUOTED_INCLUDE_IN_FRAMEWORK_HEADER = YES;
				CLANG_WARN_RANGE_LOOP_ANALYSIS = YES;
				CLANG_WARN_STRICT_PROTOTYPES = YES;
				CLANG_WARN_SUSPICIOUS_MOVE = YES;
				CLANG_WARN_UNGUARDED_AVAILABILITY = YES_AGGRESSIVE;
				CLANG_WARN_UNREACHABLE_CODE = YES;
				CLANG_WARN__DUPLICATE_METHOD_MATCH = YES;
				COPY_PHASE_STRIP = NO;
				DEBUG_INFORMATION_FORMAT = dwarf;
				ENABLE_STRICT_OBJC_MSGSEND = YES;
				ENABLE_TESTABILITY = YES;
				GCC_C_LANGUAGE_STANDARD = gnu11;
				GCC_DYNAMIC_NO_PIC = NO;
				GCC_NO_COMMON_BLOCKS = YES;
				GCC_OPTIMIZATION_LEVEL = 0;
				GCC_PREPROCESSOR_DEFINITIONS = (
					"DEBUG=1",
					"$(inherited)",
				);
				GCC_WARN_64_TO_32_BIT_CONVERSION = YES;
				GCC_WARN_ABOUT_RETURN_TYPE = YES_ERROR;
				GCC_WARN_UNDECLARED_SELECTOR = YES;
				GCC_WARN_UNINITIALIZED_AUTOS = YES_AGGRESSIVE;
				GCC_WARN_UNUSED_FUNCTION = YES;
				GCC_WARN_UNUSED_VARIABLE = YES;
				IPHONEOS_DEPLOYMENT_TARGET = 15.2;
				MTL_ENABLE_DEBUG_INFO = INCLUDE_SOURCE;
				MTL_FAST_MATH = YES;
				ONLY_ACTIVE_ARCH = YES;
				SDKROOT = iphoneos;
				SWIFT_ACTIVE_COMPILATION_CONDITIONS = DEBUG;
				SWIFT_OPTIMIZATION_LEVEL = "-Onone";
			};
			name = Debug;
		};
		360DBB192788D37B00F41CBF /* Release */ = {
			isa = XCBuildConfiguration;
			buildSettings = {
				ALWAYS_SEARCH_USER_PATHS = NO;
				CLANG_ANALYZER_NONNULL = YES;
				CLANG_ANALYZER_NUMBER_OBJECT_CONVERSION = YES_AGGRESSIVE;
				CLANG_CXX_LANGUAGE_STANDARD = "gnu++17";
				CLANG_CXX_LIBRARY = "libc++";
				CLANG_ENABLE_MODULES = YES;
				CLANG_ENABLE_OBJC_ARC = YES;
				CLANG_ENABLE_OBJC_WEAK = YES;
				CLANG_WARN_BLOCK_CAPTURE_AUTORELEASING = YES;
				CLANG_WARN_BOOL_CONVERSION = YES;
				CLANG_WARN_COMMA = YES;
				CLANG_WARN_CONSTANT_CONVERSION = YES;
				CLANG_WARN_DEPRECATED_OBJC_IMPLEMENTATIONS = YES;
				CLANG_WARN_DIRECT_OBJC_ISA_USAGE = YES_ERROR;
				CLANG_WARN_DOCUMENTATION_COMMENTS = YES;
				CLANG_WARN_EMPTY_BODY = YES;
				CLANG_WARN_ENUM_CONVERSION = YES;
				CLANG_WARN_INFINITE_RECURSION = YES;
				CLANG_WARN_INT_CONVERSION = YES;
				CLANG_WARN_NON_LITERAL_NULL_CONVERSION = YES;
				CLANG_WARN_OBJC_IMPLICIT_RETAIN_SELF = YES;
				CLANG_WARN_OBJC_LITERAL_CONVERSION = YES;
				CLANG_WARN_OBJC_ROOT_CLASS = YES_ERROR;
				CLANG_WARN_QUOTED_INCLUDE_IN_FRAMEWORK_HEADER = YES;
				CLANG_WARN_RANGE_LOOP_ANALYSIS = YES;
				CLANG_WARN_STRICT_PROTOTYPES = YES;
				CLANG_WARN_SUSPICIOUS_MOVE = YES;
				CLANG_WARN_UNGUARDED_AVAILABILITY = YES_AGGRESSIVE;
				CLANG_WARN_UNREACHABLE_CODE = YES;
				CLANG_WARN__DUPLICATE_METHOD_MATCH = YES;
				COPY_PHASE_STRIP = NO;
				DEBUG_INFORMATION_FORMAT = "dwarf-with-dsym";
				ENABLE_NS_ASSERTIONS = NO;
				ENABLE_STRICT_OBJC_MSGSEND = YES;
				GCC_C_LANGUAGE_STANDARD = gnu11;
				GCC_NO_COMMON_BLOCKS = YES;
				GCC_WARN_64_TO_32_BIT_CONVERSION = YES;
				GCC_WARN_ABOUT_RETURN_TYPE = YES_ERROR;
				GCC_WARN_UNDECLARED_SELECTOR = YES;
				GCC_WARN_UNINITIALIZED_AUTOS = YES_AGGRESSIVE;
				GCC_WARN_UNUSED_FUNCTION = YES;
				GCC_WARN_UNUSED_VARIABLE = YES;
				IPHONEOS_DEPLOYMENT_TARGET = 15.2;
				MTL_ENABLE_DEBUG_INFO = NO;
				MTL_FAST_MATH = YES;
				SDKROOT = iphoneos;
				SWIFT_COMPILATION_MODE = wholemodule;
				SWIFT_OPTIMIZATION_LEVEL = "-O";
				VALIDATE_PRODUCT = YES;
			};
			name = Release;
		};
		360DBB1B2788D37B00F41CBF /* Debug */ = {
			isa = XCBuildConfiguration;
			buildSettings = {
				ASSETCATALOG_COMPILER_APPICON_NAME = AppIcon;
				ASSETCATALOG_COMPILER_GLOBAL_ACCENT_COLOR_NAME = AccentColor;
				CODE_SIGN_STYLE = Automatic;
				CURRENT_PROJECT_VERSION = 1;
				DEVELOPMENT_TEAM = H4A4K7JEVG;
				GENERATE_INFOPLIST_FILE = YES;
				INFOPLIST_FILE = MovieSearch/Resources/Info.plist;
				INFOPLIST_KEY_UIApplicationSupportsIndirectInputEvents = YES;
				INFOPLIST_KEY_UILaunchStoryboardName = LaunchScreen;
				INFOPLIST_KEY_UIMainStoryboardFile = Main;
				INFOPLIST_KEY_UISupportedInterfaceOrientations_iPad = "UIInterfaceOrientationPortrait UIInterfaceOrientationPortraitUpsideDown UIInterfaceOrientationLandscapeLeft UIInterfaceOrientationLandscapeRight";
				INFOPLIST_KEY_UISupportedInterfaceOrientations_iPhone = "UIInterfaceOrientationPortrait UIInterfaceOrientationLandscapeLeft UIInterfaceOrientationLandscapeRight";
				LD_RUNPATH_SEARCH_PATHS = (
					"$(inherited)",
					"@executable_path/Frameworks",
				);
				MARKETING_VERSION = 1.0;
				PRODUCT_BUNDLE_IDENTIFIER = com.JustinLowry.MovieSearch;
				PRODUCT_NAME = "$(TARGET_NAME)";
				SWIFT_EMIT_LOC_STRINGS = YES;
				SWIFT_VERSION = 5.0;
				TARGETED_DEVICE_FAMILY = "1,2";
			};
			name = Debug;
		};
		360DBB1C2788D37B00F41CBF /* Release */ = {
			isa = XCBuildConfiguration;
			buildSettings = {
				ASSETCATALOG_COMPILER_APPICON_NAME = AppIcon;
				ASSETCATALOG_COMPILER_GLOBAL_ACCENT_COLOR_NAME = AccentColor;
				CODE_SIGN_STYLE = Automatic;
				CURRENT_PROJECT_VERSION = 1;
				DEVELOPMENT_TEAM = H4A4K7JEVG;
				GENERATE_INFOPLIST_FILE = YES;
				INFOPLIST_FILE = MovieSearch/Resources/Info.plist;
				INFOPLIST_KEY_UIApplicationSupportsIndirectInputEvents = YES;
				INFOPLIST_KEY_UILaunchStoryboardName = LaunchScreen;
				INFOPLIST_KEY_UIMainStoryboardFile = Main;
				INFOPLIST_KEY_UISupportedInterfaceOrientations_iPad = "UIInterfaceOrientationPortrait UIInterfaceOrientationPortraitUpsideDown UIInterfaceOrientationLandscapeLeft UIInterfaceOrientationLandscapeRight";
				INFOPLIST_KEY_UISupportedInterfaceOrientations_iPhone = "UIInterfaceOrientationPortrait UIInterfaceOrientationLandscapeLeft UIInterfaceOrientationLandscapeRight";
				LD_RUNPATH_SEARCH_PATHS = (
					"$(inherited)",
					"@executable_path/Frameworks",
				);
				MARKETING_VERSION = 1.0;
				PRODUCT_BUNDLE_IDENTIFIER = com.JustinLowry.MovieSearch;
				PRODUCT_NAME = "$(TARGET_NAME)";
				SWIFT_EMIT_LOC_STRINGS = YES;
				SWIFT_VERSION = 5.0;
				TARGETED_DEVICE_FAMILY = "1,2";
			};
			name = Release;
		};
/* End XCBuildConfiguration section */

/* Begin XCConfigurationList section */
		360DBB012788D37600F41CBF /* Build configuration list for PBXProject "MovieSearch" */ = {
			isa = XCConfigurationList;
			buildConfigurations = (
				360DBB182788D37B00F41CBF /* Debug */,
				360DBB192788D37B00F41CBF /* Release */,
			);
			defaultConfigurationIsVisible = 0;
			defaultConfigurationName = Release;
		};
		360DBB1A2788D37B00F41CBF /* Build configuration list for PBXNativeTarget "MovieSearch" */ = {
			isa = XCConfigurationList;
			buildConfigurations = (
				360DBB1B2788D37B00F41CBF /* Debug */,
				360DBB1C2788D37B00F41CBF /* Release */,
			);
			defaultConfigurationIsVisible = 0;
			defaultConfigurationName = Release;
		};
/* End XCConfigurationList section */
	};
	rootObject = 360DBAFE2788D37600F41CBF /* Project object */;
}
